
Microsoft Visual Studio Solution File, Format Version 12.00
# Visual Studio 15
Project("{FAE04EC0-301F-11D3-BF4B-00C04F79EFBC}") = "Assembly-CSharp-firstpass", "Assembly-CSharp-firstpass.csproj", "{4243FED5-5084-5EA1-B84F-B1252DBC69CA}"
EndProject
Project("{FAE04EC0-301F-11D3-BF4B-00C04F79EFBC}") = "Assembly-CSharp", "Assembly-CSharp.csproj", "{E41121B6-D5A0-4E72-B0D4-BA5DC5BDFD4A}"
EndProject
Project("{FAE04EC0-301F-11D3-BF4B-00C04F79EFBC}") = "Assembly-CSharp-Editor", "Assembly-CSharp-Editor.csproj", "{B207D697-7D06-F181-0D5D-1FB338842649}"
EndProject
Project("{FAE04EC0-301F-11D3-BF4B-00C04F79EFBC}") = "Assembly-CSharp-Editor-firstpass", "Assembly-CSharp-Editor-firstpass.csproj", "{8E8659C5-E6EC-6B7C-44AD-6251FDA880BE}"
EndProject
Global
	GlobalSection(SolutionConfigurationPlatforms) = preSolution
		Debug|Any CPU = Debug|Any CPU
		Release|Any CPU = Release|Any CPU
	EndGlobalSection
	GlobalSection(ProjectConfigurationPlatforms) = postSolution
		{4243FED5-5084-5EA1-B84F-B1252DBC69CA}.Debug|Any CPU.ActiveCfg = Debug|Any CPU
		{4243FED5-5084-5EA1-B84F-B1252DBC69CA}.Debug|Any CPU.Build.0 = Debug|Any CPU
		{4243FED5-5084-5EA1-B84F-B1252DBC69CA}.Release|Any CPU.ActiveCfg = Release|Any CPU
		{4243FED5-5084-5EA1-B84F-B1252DBC69CA}.Release|Any CPU.Build.0 = Release|Any CPU
		{E41121B6-D5A0-4E72-B0D4-BA5DC5BDFD4A}.Debug|Any CPU.ActiveCfg = Debug|Any CPU
		{E41121B6-D5A0-4E72-B0D4-BA5DC5BDFD4A}.Debug|Any CPU.Build.0 = Debug|Any CPU
		{E41121B6-D5A0-4E72-B0D4-BA5DC5BDFD4A}.Release|Any CPU.ActiveCfg = Release|Any CPU
		{E41121B6-D5A0-4E72-B0D4-BA5DC5BDFD4A}.Release|Any CPU.Build.0 = Release|Any CPU
		{B207D697-7D06-F181-0D5D-1FB338842649}.Debug|Any CPU.ActiveCfg = Debug|Any CPU
		{B207D697-7D06-F181-0D5D-1FB338842649}.Debug|Any CPU.Build.0 = Debug|Any CPU
		{B207D697-7D06-F181-0D5D-1FB338842649}.Release|Any CPU.ActiveCfg = Release|Any CPU
		{B207D697-7D06-F181-0D5D-1FB338842649}.Release|Any CPU.Build.0 = Release|Any CPU
		{8E8659C5-E6EC-6B7C-44AD-6251FDA880BE}.Debug|Any CPU.ActiveCfg = Debug|Any CPU
		{8E8659C5-E6EC-6B7C-44AD-6251FDA880BE}.Debug|Any CPU.Build.0 = Debug|Any CPU
		{8E8659C5-E6EC-6B7C-44AD-6251FDA880BE}.Release|Any CPU.ActiveCfg = Release|Any CPU
		{8E8659C5-E6EC-6B7C-44AD-6251FDA880BE}.Release|Any CPU.Build.0 = Release|Any CPU
	EndGlobalSection
	GlobalSection(SolutionProperties) = preSolution
		HideSolutionNode = FALSE
	EndGlobalSection
EndGlobal
